
Microsoft Visual Studio Solution File, Format Version 12.00
# Visual Studio 2015
Project("{FAE04EC0-301F-11D3-BF4B-00C04F79EFBC}") = "ieltspeaking.CSharp.Plugins", "ieltspeaking.CSharp.Plugins.csproj", "{7CD06768-9DD6-99F2-5E3B-0D819E00AE02}"
EndProject
Project("{FAE04EC0-301F-11D3-BF4B-00C04F79EFBC}") = "ieltspeaking.CSharp", "ieltspeaking.CSharp.csproj", "{28110E87-2167-9617-D716-FF2F14EB11A0}"
EndProject
Project("{FAE04EC0-301F-11D3-BF4B-00C04F79EFBC}") = "ieltspeaking.CSharp.Editor", "ieltspeaking.CSharp.Editor.csproj", "{0E2BE630-7FD8-B930-D7EA-96184015BFEC}"
EndProject
Global
	GlobalSection(SolutionConfigurationPlatforms) = preSolution
		Debug|Any CPU = Debug|Any CPU
		Release|Any CPU = Release|Any CPU
	EndGlobalSection
	GlobalSection(ProjectConfigurationPlatforms) = postSolution
		{7CD06768-9DD6-99F2-5E3B-0D819E00AE02}.Debug|Any CPU.ActiveCfg = Debug|Any CPU
		{7CD06768-9DD6-99F2-5E3B-0D819E00AE02}.Debug|Any CPU.Build.0 = Debug|Any CPU
		{7CD06768-9DD6-99F2-5E3B-0D819E00AE02}.Release|Any CPU.ActiveCfg = Release|Any CPU
		{7CD06768-9DD6-99F2-5E3B-0D819E00AE02}.Release|Any CPU.Build.0 = Release|Any CPU
		{28110E87-2167-9617-D716-FF2F14EB11A0}.Debug|Any CPU.ActiveCfg = Debug|Any CPU
		{28110E87-2167-9617-D716-FF2F14EB11A0}.Debug|Any CPU.Build.0 = Debug|Any CPU
		{28110E87-2167-9617-D716-FF2F14EB11A0}.Release|Any CPU.ActiveCfg = Release|Any CPU
		{28110E87-2167-9617-D716-FF2F14EB11A0}.Release|Any CPU.Build.0 = Release|Any CPU
		{0E2BE630-7FD8-B930-D7EA-96184015BFEC}.Debug|Any CPU.ActiveCfg = Debug|Any CPU
		{0E2BE630-7FD8-B930-D7EA-96184015BFEC}.Debug|Any CPU.Build.0 = Debug|Any CPU
		{0E2BE630-7FD8-B930-D7EA-96184015BFEC}.Release|Any CPU.ActiveCfg = Release|Any CPU
		{0E2BE630-7FD8-B930-D7EA-96184015BFEC}.Release|Any CPU.Build.0 = Release|Any CPU
	EndGlobalSection
	GlobalSection(SolutionProperties) = preSolution
		HideSolutionNode = FALSE
	EndGlobalSection
EndGlobal
